
Microsoft Visual Studio Solution File, Format Version 12.00
# Visual Studio Version 17
VisualStudioVersion = 17.11.35219.272
MinimumVisualStudioVersion = 10.0.40219.1
Project("{2150E333-8FDC-42A3-9474-1A3956D46DE8}") = "src", "src", "{BB8DB767-FE21-4314-9A05-DFD94C068DFC}"
EndProject
Project("{2150E333-8FDC-42A3-9474-1A3956D46DE8}") = "Reseller", "Reseller", "{1E16488E-F0B7-4372-864D-C72647D24C94}"
EndProject
Project("{2150E333-8FDC-42A3-9474-1A3956D46DE8}") = "Customer", "Customer", "{CF45DD03-FDF9-4A96-937D-2A964F2D06D3}"
EndProject
Project("{2150E333-8FDC-42A3-9474-1A3956D46DE8}") = "Supplier", "Supplier", "{53B7BFB8-52F6-4F28-9B56-51F94BC00783}"
EndProject
Project("{9A19103F-16F7-4668-BE54-9A1E7A4F7556}") = "CustomerOrderService.Api", "Customer\CustomerOrderService.Api\CustomerOrderService.Api.csproj", "{003751AB-AFE4-416A-B0C3-AAF7C08F8087}"
EndProject
Project("{9A19103F-16F7-4668-BE54-9A1E7A4F7556}") = "CustomerOrderService.Core", "Customer\CustomerOrderService.Core\CustomerOrderService.Core.csproj", "{C91C031E-CB8C-494A-B120-8AE6D8A96FF1}"
EndProject
Project("{9A19103F-16F7-4668-BE54-9A1E7A4F7556}") = "CustomerOrderService.Infrastructure", "Customer\CustomerOrderService.Infrastructure\CustomerOrderService.Infrastructure.csproj", "{8C2E855C-12CC-4E1C-9742-B294BBA07649}"
EndProject
Project("{9A19103F-16F7-4668-BE54-9A1E7A4F7556}") = "ResellerService.Api", "Reseller\ResellerService.Api\ResellerService.Api.csproj", "{F79D7776-89A8-47AD-8A18-67C89E7DAE9D}"
EndProject
Project("{9A19103F-16F7-4668-BE54-9A1E7A4F7556}") = "ResellerService.Core", "Reseller\ResellerService.Core\ResellerService.Core.csproj", "{430144D9-8517-4979-90C4-EB3ADF411B02}"
EndProject
Project("{9A19103F-16F7-4668-BE54-9A1E7A4F7556}") = "ResellerService.Infrastructure", "Reseller\ResellerService.Infrastructure\ResellerService.Infrastructure.csproj", "{2002AB2A-DAEC-4287-A84D-5833FD2F84EF}"
EndProject
Project("{9A19103F-16F7-4668-BE54-9A1E7A4F7556}") = "SupplierOrderService.Api", "Supplier\SupplierOrderService.Api\SupplierOrderService.Api.csproj", "{6D9ABAC6-C120-4B8F-A959-E98B91D64750}"
EndProject
Project("{9A19103F-16F7-4668-BE54-9A1E7A4F7556}") = "SupplierOrderService.Core", "Supplier\SupplierOrderService.Core\SupplierOrderService.Core.csproj", "{340F300C-3217-4867-BCB0-5AE3444153BB}"
EndProject
Project("{9A19103F-16F7-4668-BE54-9A1E7A4F7556}") = "SupplierOrderService.Infrastructure", "Supplier\SupplierOrderService.Infrastructure\SupplierOrderService.Infrastructure.csproj", "{27206715-6259-48DA-839B-476E9BE4D0D4}"
EndProject
Project("{9A19103F-16F7-4668-BE54-9A1E7A4F7556}") = "ResellerService.Aplication", "Reseller\ResellerService.Aplication\ResellerService.Aplication.csproj", "{E98DFD32-1992-4F7C-9E29-646C602D429E}"
EndProject
Project("{2150E333-8FDC-42A3-9474-1A3956D46DE8}") = "tests", "tests", "{03BD68E4-8221-4F4E-942B-CF7A1CE2AA11}"
EndProject
Project("{2150E333-8FDC-42A3-9474-1A3956D46DE8}") = "Shared", "Shared", "{3FE0B660-189E-4127-89F3-EB3FF0E1AF1B}"
EndProject
Project("{9A19103F-16F7-4668-BE54-9A1E7A4F7556}") = "SharedKernel", "SharedKernel\SharedKernel.csproj", "{85086FB3-CE74-433B-8004-908AECDA5296}"
EndProject
Project("{2150E333-8FDC-42A3-9474-1A3956D46DE8}") = "tests", "tests", "{DF269BD2-D97F-4A7B-B1B2-20BC413E0C05}"
EndProject
Project("{9A19103F-16F7-4668-BE54-9A1E7A4F7556}") = "CustomerOrderService.Application", "Customer\CustomerOrderService.Application\CustomerOrderService.Application.csproj", "{1EBC394B-5F89-46BB-80C9-F9A0A03DA687}"
EndProject
Project("{9A19103F-16F7-4668-BE54-9A1E7A4F7556}") = "SupplierOrderService.Application", "Supplier\SupplierOrderService.Application\SupplierOrderService.Application.csproj", "{14A5C2EE-FCDD-402B-B780-0E9A699A2B2E}"
EndProject
Project("{2150E333-8FDC-42A3-9474-1A3956D46DE8}") = "tests", "tests", "{C04C76CB-DDD6-4CD8-AEB4-1278BBABFC2B}"
EndProject
Project("{9A19103F-16F7-4668-BE54-9A1E7A4F7556}") = "Reseller.UnitTest", "Reseller\Reseller.UnitTest\Reseller.UnitTest.csproj", "{F4850E95-1B5D-45EF-ADCF-80A44295519A}"
EndProject
Project("{FAE04EC0-301F-11D3-BF4B-00C04F79EFBC}") = "CustomeOrderService.UnitTest", "Customer\CustomeOrderService.UnitTest\CustomeOrderService.UnitTest.csproj", "{87E4FC71-C02E-49B1-A985-83496553112E}"
EndProject
Project("{9A19103F-16F7-4668-BE54-9A1E7A4F7556}") = "SupplierOrderService.UnitTests", "Supplier\SupplierOrderService.UnitTests\SupplierOrderService.UnitTests.csproj", "{DBA3EEDE-F132-48F4-A01E-71D892A20F7B}"
EndProject
Project("{2150E333-8FDC-42A3-9474-1A3956D46DE8}") = "SolutionItems", "SolutionItems", "{82C6DEA5-37FC-4DB0-9B30-0EB7D2D8CF54}"
	ProjectSection(SolutionItems) = preProject
		.dockerignore = .dockerignore
		.gitattributes = .gitattributes
		.gitignore = .gitignore
	EndProjectSection
EndProject
Global
	GlobalSection(SolutionConfigurationPlatforms) = preSolution
		Debug|Any CPU = Debug|Any CPU
		Release|Any CPU = Release|Any CPU
	EndGlobalSection
	GlobalSection(ProjectConfigurationPlatforms) = postSolution
		{003751AB-AFE4-416A-B0C3-AAF7C08F8087}.Debug|Any CPU.ActiveCfg = Debug|Any CPU
		{003751AB-AFE4-416A-B0C3-AAF7C08F8087}.Debug|Any CPU.Build.0 = Debug|Any CPU
		{003751AB-AFE4-416A-B0C3-AAF7C08F8087}.Release|Any CPU.ActiveCfg = Release|Any CPU
		{003751AB-AFE4-416A-B0C3-AAF7C08F8087}.Release|Any CPU.Build.0 = Release|Any CPU
		{C91C031E-CB8C-494A-B120-8AE6D8A96FF1}.Debug|Any CPU.ActiveCfg = Debug|Any CPU
		{C91C031E-CB8C-494A-B120-8AE6D8A96FF1}.Debug|Any CPU.Build.0 = Debug|Any CPU
		{C91C031E-CB8C-494A-B120-8AE6D8A96FF1}.Release|Any CPU.ActiveCfg = Release|Any CPU
		{C91C031E-CB8C-494A-B120-8AE6D8A96FF1}.Release|Any CPU.Build.0 = Release|Any CPU
		{8C2E855C-12CC-4E1C-9742-B294BBA07649}.Debug|Any CPU.ActiveCfg = Debug|Any CPU
		{8C2E855C-12CC-4E1C-9742-B294BBA07649}.Debug|Any CPU.Build.0 = Debug|Any CPU
		{8C2E855C-12CC-4E1C-9742-B294BBA07649}.Release|Any CPU.ActiveCfg = Release|Any CPU
		{8C2E855C-12CC-4E1C-9742-B294BBA07649}.Release|Any CPU.Build.0 = Release|Any CPU
		{F79D7776-89A8-47AD-8A18-67C89E7DAE9D}.Debug|Any CPU.ActiveCfg = Debug|Any CPU
		{F79D7776-89A8-47AD-8A18-67C89E7DAE9D}.Debug|Any CPU.Build.0 = Debug|Any CPU
		{F79D7776-89A8-47AD-8A18-67C89E7DAE9D}.Release|Any CPU.ActiveCfg = Release|Any CPU
		{F79D7776-89A8-47AD-8A18-67C89E7DAE9D}.Release|Any CPU.Build.0 = Release|Any CPU
		{430144D9-8517-4979-90C4-EB3ADF411B02}.Debug|Any CPU.ActiveCfg = Debug|Any CPU
		{430144D9-8517-4979-90C4-EB3ADF411B02}.Debug|Any CPU.Build.0 = Debug|Any CPU
		{430144D9-8517-4979-90C4-EB3ADF411B02}.Release|Any CPU.ActiveCfg = Release|Any CPU
		{430144D9-8517-4979-90C4-EB3ADF411B02}.Release|Any CPU.Build.0 = Release|Any CPU
		{2002AB2A-DAEC-4287-A84D-5833FD2F84EF}.Debug|Any CPU.ActiveCfg = Debug|Any CPU
		{2002AB2A-DAEC-4287-A84D-5833FD2F84EF}.Debug|Any CPU.Build.0 = Debug|Any CPU
		{2002AB2A-DAEC-4287-A84D-5833FD2F84EF}.Release|Any CPU.ActiveCfg = Release|Any CPU
		{2002AB2A-DAEC-4287-A84D-5833FD2F84EF}.Release|Any CPU.Build.0 = Release|Any CPU
		{6D9ABAC6-C120-4B8F-A959-E98B91D64750}.Debug|Any CPU.ActiveCfg = Debug|Any CPU
		{6D9ABAC6-C120-4B8F-A959-E98B91D64750}.Debug|Any CPU.Build.0 = Debug|Any CPU
		{6D9ABAC6-C120-4B8F-A959-E98B91D64750}.Release|Any CPU.ActiveCfg = Release|Any CPU
		{6D9ABAC6-C120-4B8F-A959-E98B91D64750}.Release|Any CPU.Build.0 = Release|Any CPU
		{340F300C-3217-4867-BCB0-5AE3444153BB}.Debug|Any CPU.ActiveCfg = Debug|Any CPU
		{340F300C-3217-4867-BCB0-5AE3444153BB}.Debug|Any CPU.Build.0 = Debug|Any CPU
		{340F300C-3217-4867-BCB0-5AE3444153BB}.Release|Any CPU.ActiveCfg = Release|Any CPU
		{340F300C-3217-4867-BCB0-5AE3444153BB}.Release|Any CPU.Build.0 = Release|Any CPU
		{27206715-6259-48DA-839B-476E9BE4D0D4}.Debug|Any CPU.ActiveCfg = Debug|Any CPU
		{27206715-6259-48DA-839B-476E9BE4D0D4}.Debug|Any CPU.Build.0 = Debug|Any CPU
		{27206715-6259-48DA-839B-476E9BE4D0D4}.Release|Any CPU.ActiveCfg = Release|Any CPU
		{27206715-6259-48DA-839B-476E9BE4D0D4}.Release|Any CPU.Build.0 = Release|Any CPU
		{E98DFD32-1992-4F7C-9E29-646C602D429E}.Debug|Any CPU.ActiveCfg = Debug|Any CPU
		{E98DFD32-1992-4F7C-9E29-646C602D429E}.Debug|Any CPU.Build.0 = Debug|Any CPU
		{E98DFD32-1992-4F7C-9E29-646C602D429E}.Release|Any CPU.ActiveCfg = Release|Any CPU
		{E98DFD32-1992-4F7C-9E29-646C602D429E}.Release|Any CPU.Build.0 = Release|Any CPU
		{85086FB3-CE74-433B-8004-908AECDA5296}.Debug|Any CPU.ActiveCfg = Debug|Any CPU
		{85086FB3-CE74-433B-8004-908AECDA5296}.Debug|Any CPU.Build.0 = Debug|Any CPU
		{85086FB3-CE74-433B-8004-908AECDA5296}.Release|Any CPU.ActiveCfg = Release|Any CPU
		{85086FB3-CE74-433B-8004-908AECDA5296}.Release|Any CPU.Build.0 = Release|Any CPU
		{1EBC394B-5F89-46BB-80C9-F9A0A03DA687}.Debug|Any CPU.ActiveCfg = Debug|Any CPU
		{1EBC394B-5F89-46BB-80C9-F9A0A03DA687}.Debug|Any CPU.Build.0 = Debug|Any CPU
		{1EBC394B-5F89-46BB-80C9-F9A0A03DA687}.Release|Any CPU.ActiveCfg = Release|Any CPU
		{1EBC394B-5F89-46BB-80C9-F9A0A03DA687}.Release|Any CPU.Build.0 = Release|Any CPU
		{14A5C2EE-FCDD-402B-B780-0E9A699A2B2E}.Debug|Any CPU.ActiveCfg = Debug|Any CPU
		{14A5C2EE-FCDD-402B-B780-0E9A699A2B2E}.Debug|Any CPU.Build.0 = Debug|Any CPU
		{14A5C2EE-FCDD-402B-B780-0E9A699A2B2E}.Release|Any CPU.ActiveCfg = Release|Any CPU
		{14A5C2EE-FCDD-402B-B780-0E9A699A2B2E}.Release|Any CPU.Build.0 = Release|Any CPU
		{F4850E95-1B5D-45EF-ADCF-80A44295519A}.Debug|Any CPU.ActiveCfg = Debug|Any CPU
		{F4850E95-1B5D-45EF-ADCF-80A44295519A}.Debug|Any CPU.Build.0 = Debug|Any CPU
		{F4850E95-1B5D-45EF-ADCF-80A44295519A}.Release|Any CPU.ActiveCfg = Release|Any CPU
		{F4850E95-1B5D-45EF-ADCF-80A44295519A}.Release|Any CPU.Build.0 = Release|Any CPU
		{87E4FC71-C02E-49B1-A985-83496553112E}.Debug|Any CPU.ActiveCfg = Debug|Any CPU
		{87E4FC71-C02E-49B1-A985-83496553112E}.Debug|Any CPU.Build.0 = Debug|Any CPU
		{87E4FC71-C02E-49B1-A985-83496553112E}.Release|Any CPU.ActiveCfg = Release|Any CPU
		{87E4FC71-C02E-49B1-A985-83496553112E}.Release|Any CPU.Build.0 = Release|Any CPU
		{DBA3EEDE-F132-48F4-A01E-71D892A20F7B}.Debug|Any CPU.ActiveCfg = Debug|Any CPU
		{DBA3EEDE-F132-48F4-A01E-71D892A20F7B}.Debug|Any CPU.Build.0 = Debug|Any CPU
		{DBA3EEDE-F132-48F4-A01E-71D892A20F7B}.Release|Any CPU.ActiveCfg = Release|Any CPU
		{DBA3EEDE-F132-48F4-A01E-71D892A20F7B}.Release|Any CPU.Build.0 = Release|Any CPU
	EndGlobalSection
	GlobalSection(SolutionProperties) = preSolution
		HideSolutionNode = FALSE
	EndGlobalSection
	GlobalSection(NestedProjects) = preSolution
		{1E16488E-F0B7-4372-864D-C72647D24C94} = {BB8DB767-FE21-4314-9A05-DFD94C068DFC}
		{CF45DD03-FDF9-4A96-937D-2A964F2D06D3} = {BB8DB767-FE21-4314-9A05-DFD94C068DFC}
		{53B7BFB8-52F6-4F28-9B56-51F94BC00783} = {BB8DB767-FE21-4314-9A05-DFD94C068DFC}
		{003751AB-AFE4-416A-B0C3-AAF7C08F8087} = {CF45DD03-FDF9-4A96-937D-2A964F2D06D3}
		{C91C031E-CB8C-494A-B120-8AE6D8A96FF1} = {CF45DD03-FDF9-4A96-937D-2A964F2D06D3}
		{8C2E855C-12CC-4E1C-9742-B294BBA07649} = {CF45DD03-FDF9-4A96-937D-2A964F2D06D3}
		{F79D7776-89A8-47AD-8A18-67C89E7DAE9D} = {1E16488E-F0B7-4372-864D-C72647D24C94}
		{430144D9-8517-4979-90C4-EB3ADF411B02} = {1E16488E-F0B7-4372-864D-C72647D24C94}
		{2002AB2A-DAEC-4287-A84D-5833FD2F84EF} = {1E16488E-F0B7-4372-864D-C72647D24C94}
		{6D9ABAC6-C120-4B8F-A959-E98B91D64750} = {53B7BFB8-52F6-4F28-9B56-51F94BC00783}
		{340F300C-3217-4867-BCB0-5AE3444153BB} = {53B7BFB8-52F6-4F28-9B56-51F94BC00783}
		{27206715-6259-48DA-839B-476E9BE4D0D4} = {53B7BFB8-52F6-4F28-9B56-51F94BC00783}
		{E98DFD32-1992-4F7C-9E29-646C602D429E} = {1E16488E-F0B7-4372-864D-C72647D24C94}
		{03BD68E4-8221-4F4E-942B-CF7A1CE2AA11} = {1E16488E-F0B7-4372-864D-C72647D24C94}
		{3FE0B660-189E-4127-89F3-EB3FF0E1AF1B} = {BB8DB767-FE21-4314-9A05-DFD94C068DFC}
		{85086FB3-CE74-433B-8004-908AECDA5296} = {3FE0B660-189E-4127-89F3-EB3FF0E1AF1B}
		{DF269BD2-D97F-4A7B-B1B2-20BC413E0C05} = {53B7BFB8-52F6-4F28-9B56-51F94BC00783}
		{1EBC394B-5F89-46BB-80C9-F9A0A03DA687} = {CF45DD03-FDF9-4A96-937D-2A964F2D06D3}
		{14A5C2EE-FCDD-402B-B780-0E9A699A2B2E} = {53B7BFB8-52F6-4F28-9B56-51F94BC00783}
		{C04C76CB-DDD6-4CD8-AEB4-1278BBABFC2B} = {CF45DD03-FDF9-4A96-937D-2A964F2D06D3}
		{F4850E95-1B5D-45EF-ADCF-80A44295519A} = {03BD68E4-8221-4F4E-942B-CF7A1CE2AA11}
		{87E4FC71-C02E-49B1-A985-83496553112E} = {C04C76CB-DDD6-4CD8-AEB4-1278BBABFC2B}
		{DBA3EEDE-F132-48F4-A01E-71D892A20F7B} = {DF269BD2-D97F-4A7B-B1B2-20BC413E0C05}
		{82C6DEA5-37FC-4DB0-9B30-0EB7D2D8CF54} = {BB8DB767-FE21-4314-9A05-DFD94C068DFC}
	EndGlobalSection
	GlobalSection(ExtensibilityGlobals) = postSolution
		SolutionGuid = {557A067C-49F3-4525-86E4-D92F327DF478}
	EndGlobalSection
EndGlobal
